# This file is automatically @generated by Cargo.
# It is not intended for manual editing.
version = 4

[[package]]
name = "ctx-cli"
version = "0.1.0"

[[package]]
name = "ctx-core"
version = "0.1.0"

[[package]]
name = "ctx-embed"
version = "0.1.0"

[[package]]
name = "ctx-index"
version = "0.1.0"

[[package]]
name = "ctx-mcp"
version = "0.1.0"

[[package]]
name = "ctx-parse"
version = "0.1.0"

[[package]]
name = "ctx-query"
version = "0.1.0"

[[package]]
name = "ctx-store"
version = "0.1.0"

[[package]]
name = "ctx-symbol"
version = "0.1.0"

[[package]]
name = "ctx-watch"
version = "0.1.0"

[[package]]
name = "xtask"
version = "0.1.0"
